
Microsoft Visual Studio Solution File, Format Version 12.00
# Visual Studio Version 16
VisualStudioVersion = 16.0.31205.134
MinimumVisualStudioVersion = 10.0.40219.1
Project("{FAE04EC0-301F-11D3-BF4B-00C04F79EFBC}") = "DRXPROJ", "DRXPROJ\DRXPROJ.csproj", "{E8BBF063-937F-4E6B-B2DA-14B1599FD1E9}"
EndProject
Global
	GlobalSection(SolutionConfigurationPlatforms) = preSolution
		Debug|Any CPU = Debug|Any CPU
		Release|Any CPU = Release|Any CPU
	EndGlobalSection
	GlobalSection(ProjectConfigurationPlatforms) = postSolution
		{E8BBF063-937F-4E6B-B2DA-14B1599FD1E9}.Debug|Any CPU.ActiveCfg = Debug|Any CPU
		{E8BBF063-937F-4E6B-B2DA-14B1599FD1E9}.Debug|Any CPU.Build.0 = Debug|Any CPU
		{E8BBF063-937F-4E6B-B2DA-14B1599FD1E9}.Release|Any CPU.ActiveCfg = Release|Any CPU
		{E8BBF063-937F-4E6B-B2DA-14B1599FD1E9}.Release|Any CPU.Build.0 = Release|Any CPU
	EndGlobalSection
	GlobalSection(SolutionProperties) = preSolution
		HideSolutionNode = FALSE
	EndGlobalSection
	GlobalSection(ExtensibilityGlobals) = postSolution
		SolutionGuid = {720B98B1-F118-457B-AF93-B8FBB635BE23}
	EndGlobalSection
EndGlobal
